
Microsoft Visual Studio Solution File, Format Version 12.00
# Visual Studio Version 17
Project("{8BC9CEB8-8B4A-11D0-8D11-00A0C91BC942}") = "ALL_BUILD", "ALL_BUILD.vcxproj", "{E7F04B3B-4F91-39ED-A9FA-4D1C8842BA30}"
	ProjectSection(ProjectDependencies) = postProject
		{534D1A0F-A226-39C2-A539-18347B99109D} = {534D1A0F-A226-39C2-A539-18347B99109D}
		{D804625F-B1BD-3E94-9544-02844737363B} = {D804625F-B1BD-3E94-9544-02844737363B}
	EndProjectSection
EndProject
Project("{8BC9CEB8-8B4A-11D0-8D11-00A0C91BC942}") = "INSTALL", "INSTALL.vcxproj", "{D5A73AC1-8B9B-3646-B74C-6A161ACF4891}"
	ProjectSection(ProjectDependencies) = postProject
		{E7F04B3B-4F91-39ED-A9FA-4D1C8842BA30} = {E7F04B3B-4F91-39ED-A9FA-4D1C8842BA30}
		{534D1A0F-A226-39C2-A539-18347B99109D} = {534D1A0F-A226-39C2-A539-18347B99109D}
	EndProjectSection
EndProject
Project("{8BC9CEB8-8B4A-11D0-8D11-00A0C91BC942}") = "ZERO_CHECK", "ZERO_CHECK.vcxproj", "{534D1A0F-A226-39C2-A539-18347B99109D}"
	ProjectSection(ProjectDependencies) = postProject
	EndProjectSection
EndProject
Project("{8BC9CEB8-8B4A-11D0-8D11-00A0C91BC942}") = "ggml", "llama.cpp\ggml\src\ggml.vcxproj", "{EAF5C3D4-4810-35FD-9726-04F795B3D989}"
	ProjectSection(ProjectDependencies) = postProject
		{534D1A0F-A226-39C2-A539-18347B99109D} = {534D1A0F-A226-39C2-A539-18347B99109D}
		{731A9D51-FCCA-32EF-B2A3-00A95F0BF599} = {731A9D51-FCCA-32EF-B2A3-00A95F0BF599}
		{81D19A15-6919-3536-B91E-7512CCD489D8} = {81D19A15-6919-3536-B91E-7512CCD489D8}
	EndProjectSection
EndProject
Project("{8BC9CEB8-8B4A-11D0-8D11-00A0C91BC942}") = "ggml-base", "llama.cpp\ggml\src\ggml-base.vcxproj", "{731A9D51-FCCA-32EF-B2A3-00A95F0BF599}"
	ProjectSection(ProjectDependencies) = postProject
		{534D1A0F-A226-39C2-A539-18347B99109D} = {534D1A0F-A226-39C2-A539-18347B99109D}
	EndProjectSection
EndProject
Project("{8BC9CEB8-8B4A-11D0-8D11-00A0C91BC942}") = "ggml-cpu", "llama.cpp\ggml\src\ggml-cpu.vcxproj", "{81D19A15-6919-3536-B91E-7512CCD489D8}"
	ProjectSection(ProjectDependencies) = postProject
		{534D1A0F-A226-39C2-A539-18347B99109D} = {534D1A0F-A226-39C2-A539-18347B99109D}
		{731A9D51-FCCA-32EF-B2A3-00A95F0BF599} = {731A9D51-FCCA-32EF-B2A3-00A95F0BF599}
	EndProjectSection
EndProject
Project("{8BC9CEB8-8B4A-11D0-8D11-00A0C91BC942}") = "llama", "llama.cpp\src\llama.vcxproj", "{04B64456-B718-3320-9011-EDE101DB7BD8}"
	ProjectSection(ProjectDependencies) = postProject
		{534D1A0F-A226-39C2-A539-18347B99109D} = {534D1A0F-A226-39C2-A539-18347B99109D}
		{EAF5C3D4-4810-35FD-9726-04F795B3D989} = {EAF5C3D4-4810-35FD-9726-04F795B3D989}
		{731A9D51-FCCA-32EF-B2A3-00A95F0BF599} = {731A9D51-FCCA-32EF-B2A3-00A95F0BF599}
		{81D19A15-6919-3536-B91E-7512CCD489D8} = {81D19A15-6919-3536-B91E-7512CCD489D8}
	EndProjectSection
EndProject
Project("{8BC9CEB8-8B4A-11D0-8D11-00A0C91BC942}") = "shard_engine", "shard_engine.vcxproj", "{D804625F-B1BD-3E94-9544-02844737363B}"
	ProjectSection(ProjectDependencies) = postProject
		{534D1A0F-A226-39C2-A539-18347B99109D} = {534D1A0F-A226-39C2-A539-18347B99109D}
		{EAF5C3D4-4810-35FD-9726-04F795B3D989} = {EAF5C3D4-4810-35FD-9726-04F795B3D989}
		{731A9D51-FCCA-32EF-B2A3-00A95F0BF599} = {731A9D51-FCCA-32EF-B2A3-00A95F0BF599}
		{81D19A15-6919-3536-B91E-7512CCD489D8} = {81D19A15-6919-3536-B91E-7512CCD489D8}
		{04B64456-B718-3320-9011-EDE101DB7BD8} = {04B64456-B718-3320-9011-EDE101DB7BD8}
	EndProjectSection
EndProject
Global
	GlobalSection(SolutionConfigurationPlatforms) = preSolution
		Debug|x64 = Debug|x64
		Release|x64 = Release|x64
		MinSizeRel|x64 = MinSizeRel|x64
		RelWithDebInfo|x64 = RelWithDebInfo|x64
	EndGlobalSection
	GlobalSection(ProjectConfigurationPlatforms) = postSolution
		{E7F04B3B-4F91-39ED-A9FA-4D1C8842BA30}.Debug|x64.ActiveCfg = Debug|x64
		{E7F04B3B-4F91-39ED-A9FA-4D1C8842BA30}.Debug|x64.Build.0 = Debug|x64
		{E7F04B3B-4F91-39ED-A9FA-4D1C8842BA30}.Release|x64.ActiveCfg = Release|x64
		{E7F04B3B-4F91-39ED-A9FA-4D1C8842BA30}.Release|x64.Build.0 = Release|x64
		{E7F04B3B-4F91-39ED-A9FA-4D1C8842BA30}.MinSizeRel|x64.ActiveCfg = MinSizeRel|x64
		{E7F04B3B-4F91-39ED-A9FA-4D1C8842BA30}.MinSizeRel|x64.Build.0 = MinSizeRel|x64
		{E7F04B3B-4F91-39ED-A9FA-4D1C8842BA30}.RelWithDebInfo|x64.ActiveCfg = RelWithDebInfo|x64
		{E7F04B3B-4F91-39ED-A9FA-4D1C8842BA30}.RelWithDebInfo|x64.Build.0 = RelWithDebInfo|x64
		{D5A73AC1-8B9B-3646-B74C-6A161ACF4891}.Debug|x64.ActiveCfg = Debug|x64
		{D5A73AC1-8B9B-3646-B74C-6A161ACF4891}.Release|x64.ActiveCfg = Release|x64
		{D5A73AC1-8B9B-3646-B74C-6A161ACF4891}.MinSizeRel|x64.ActiveCfg = MinSizeRel|x64
		{D5A73AC1-8B9B-3646-B74C-6A161ACF4891}.RelWithDebInfo|x64.ActiveCfg = RelWithDebInfo|x64
		{534D1A0F-A226-39C2-A539-18347B99109D}.Debug|x64.ActiveCfg = Debug|x64
		{534D1A0F-A226-39C2-A539-18347B99109D}.Debug|x64.Build.0 = Debug|x64
		{534D1A0F-A226-39C2-A539-18347B99109D}.Release|x64.ActiveCfg = Release|x64
		{534D1A0F-A226-39C2-A539-18347B99109D}.Release|x64.Build.0 = Release|x64
		{534D1A0F-A226-39C2-A539-18347B99109D}.MinSizeRel|x64.ActiveCfg = MinSizeRel|x64
		{534D1A0F-A226-39C2-A539-18347B99109D}.MinSizeRel|x64.Build.0 = MinSizeRel|x64
		{534D1A0F-A226-39C2-A539-18347B99109D}.RelWithDebInfo|x64.ActiveCfg = RelWithDebInfo|x64
		{534D1A0F-A226-39C2-A539-18347B99109D}.RelWithDebInfo|x64.Build.0 = RelWithDebInfo|x64
		{EAF5C3D4-4810-35FD-9726-04F795B3D989}.Debug|x64.ActiveCfg = Debug|x64
		{EAF5C3D4-4810-35FD-9726-04F795B3D989}.Debug|x64.Build.0 = Debug|x64
		{EAF5C3D4-4810-35FD-9726-04F795B3D989}.Release|x64.ActiveCfg = Release|x64
		{EAF5C3D4-4810-35FD-9726-04F795B3D989}.Release|x64.Build.0 = Release|x64
		{EAF5C3D4-4810-35FD-9726-04F795B3D989}.MinSizeRel|x64.ActiveCfg = MinSizeRel|x64
		{EAF5C3D4-4810-35FD-9726-04F795B3D989}.MinSizeRel|x64.Build.0 = MinSizeRel|x64
		{EAF5C3D4-4810-35FD-9726-04F795B3D989}.RelWithDebInfo|x64.ActiveCfg = RelWithDebInfo|x64
		{EAF5C3D4-4810-35FD-9726-04F795B3D989}.RelWithDebInfo|x64.Build.0 = RelWithDebInfo|x64
		{731A9D51-FCCA-32EF-B2A3-00A95F0BF599}.Debug|x64.ActiveCfg = Debug|x64
		{731A9D51-FCCA-32EF-B2A3-00A95F0BF599}.Debug|x64.Build.0 = Debug|x64
		{731A9D51-FCCA-32EF-B2A3-00A95F0BF599}.Release|x64.ActiveCfg = Release|x64
		{731A9D51-FCCA-32EF-B2A3-00A95F0BF599}.Release|x64.Build.0 = Release|x64
		{731A9D51-FCCA-32EF-B2A3-00A95F0BF599}.MinSizeRel|x64.ActiveCfg = MinSizeRel|x64
		{731A9D51-FCCA-32EF-B2A3-00A95F0BF599}.MinSizeRel|x64.Build.0 = MinSizeRel|x64
		{731A9D51-FCCA-32EF-B2A3-00A95F0BF599}.RelWithDebInfo|x64.ActiveCfg = RelWithDebInfo|x64
		{731A9D51-FCCA-32EF-B2A3-00A95F0BF599}.RelWithDebInfo|x64.Build.0 = RelWithDebInfo|x64
		{81D19A15-6919-3536-B91E-7512CCD489D8}.Debug|x64.ActiveCfg = Debug|x64
		{81D19A15-6919-3536-B91E-7512CCD489D8}.Debug|x64.Build.0 = Debug|x64
		{81D19A15-6919-3536-B91E-7512CCD489D8}.Release|x64.ActiveCfg = Release|x64
		{81D19A15-6919-3536-B91E-7512CCD489D8}.Release|x64.Build.0 = Release|x64
		{81D19A15-6919-3536-B91E-7512CCD489D8}.MinSizeRel|x64.ActiveCfg = MinSizeRel|x64
		{81D19A15-6919-3536-B91E-7512CCD489D8}.MinSizeRel|x64.Build.0 = MinSizeRel|x64
		{81D19A15-6919-3536-B91E-7512CCD489D8}.RelWithDebInfo|x64.ActiveCfg = RelWithDebInfo|x64
		{81D19A15-6919-3536-B91E-7512CCD489D8}.RelWithDebInfo|x64.Build.0 = RelWithDebInfo|x64
		{04B64456-B718-3320-9011-EDE101DB7BD8}.Debug|x64.ActiveCfg = Debug|x64
		{04B64456-B718-3320-9011-EDE101DB7BD8}.Debug|x64.Build.0 = Debug|x64
		{04B64456-B718-3320-9011-EDE101DB7BD8}.Release|x64.ActiveCfg = Release|x64
		{04B64456-B718-3320-9011-EDE101DB7BD8}.Release|x64.Build.0 = Release|x64
		{04B64456-B718-3320-9011-EDE101DB7BD8}.MinSizeRel|x64.ActiveCfg = MinSizeRel|x64
		{04B64456-B718-3320-9011-EDE101DB7BD8}.MinSizeRel|x64.Build.0 = MinSizeRel|x64
		{04B64456-B718-3320-9011-EDE101DB7BD8}.RelWithDebInfo|x64.ActiveCfg = RelWithDebInfo|x64
		{04B64456-B718-3320-9011-EDE101DB7BD8}.RelWithDebInfo|x64.Build.0 = RelWithDebInfo|x64
		{D804625F-B1BD-3E94-9544-02844737363B}.Debug|x64.ActiveCfg = Debug|x64
		{D804625F-B1BD-3E94-9544-02844737363B}.Debug|x64.Build.0 = Debug|x64
		{D804625F-B1BD-3E94-9544-02844737363B}.Release|x64.ActiveCfg = Release|x64
		{D804625F-B1BD-3E94-9544-02844737363B}.Release|x64.Build.0 = Release|x64
		{D804625F-B1BD-3E94-9544-02844737363B}.MinSizeRel|x64.ActiveCfg = MinSizeRel|x64
		{D804625F-B1BD-3E94-9544-02844737363B}.MinSizeRel|x64.Build.0 = MinSizeRel|x64
		{D804625F-B1BD-3E94-9544-02844737363B}.RelWithDebInfo|x64.ActiveCfg = RelWithDebInfo|x64
		{D804625F-B1BD-3E94-9544-02844737363B}.RelWithDebInfo|x64.Build.0 = RelWithDebInfo|x64
	EndGlobalSection
	GlobalSection(ExtensibilityGlobals) = postSolution
		SolutionGuid = {0F0E685D-F3D3-3B05-ADCE-DF4B3D1F76F1}
	EndGlobalSection
	GlobalSection(ExtensibilityAddIns) = postSolution
	EndGlobalSection
EndGlobal
